{
  "name": "gofer",
  "version": "0.1.0",
  "lockfileVersion": 3,
  "requires": true,
  "packages": {
    "": {
      "name": "gofer",
      "version": "0.1.0",
      "dependencies": {
        "@moss-dev/moss": "1.0.2"
      },
      "engines": {
        "node": ">=18"
      }
    },
    "node_modules/@moss-dev/moss": {
      "version": "1.0.2",
      "resolved": "https://registry.npmjs.org/@moss-dev/moss/-/moss-1.0.2.tgz",
      "integrity": "sha512-8qNlALaGaj8CzXe/RxNaYJnHQy1t1Qw7mGSLW9GCX2DfUFWjbXTPdfKSI8JQo07AazJT7EYlnS0pbT8/faJ32w==",
      "license": "SEE LICENSE IN LICENSE",
      "dependencies": {
        "@moss-dev/moss-core": "0.10.0"
      }
    },
    "node_modules/@moss-dev/moss-core": {
      "version": "0.10.0",
      "resolved": "https://registry.npmjs.org/@moss-dev/moss-core/-/moss-core-0.10.0.tgz",
      "integrity": "sha512-tyiSYZRIShQq0t4i8Gr6ElctyG4VEIUom/b7GqOFcigEg4pBTgu+edSC1WyiamRl8OLhst3Z0TEX/k7SLSIh9w==",
      "license": "Proprietary",
      "engines": {
        "node": ">=20"
      },
      "optionalDependencies": {
        "@moss-dev/moss-core-darwin-arm64": "0.10.0",
        "@moss-dev/moss-core-darwin-x64": "0.10.0",
        "@moss-dev/moss-core-linux-arm64-gnu": "0.10.0",
        "@moss-dev/moss-core-linux-x64-gnu": "0.10.0",
        "@moss-dev/moss-core-win32-x64-msvc": "0.10.0"
      }
    },
    "node_modules/@moss-dev/moss-core-darwin-arm64": {
      "version": "0.10.0",
      "resolved": "https://registry.npmjs.org/@moss-dev/moss-core-darwin-arm64/-/moss-core-darwin-arm64-0.10.0.tgz",
      "integrity": "sha512-kpAhK5q8IS58JjmjuOW/Nwcg24NqLY2qc0BJ9k7cGO2icb38aUkP5HeMZWBVfEsKOocmvD8p825vwOMQJ4FPDQ==",
      "cpu": [
        "arm64"
      ],
      "license": "Proprietary",
      "optional": true,
      "os": [
        "darwin"
      ],
      "engines": {
        "node": ">=20"
      }
    },
    "node_modules/@moss-dev/moss-core-darwin-x64": {
      "version": "0.10.0",
      "resolved": "https://registry.npmjs.org/@moss-dev/moss-core-darwin-x64/-/moss-core-darwin-x64-0.10.0.tgz",
      "integrity": "sha512-73Xdjri6ZvolzET6wsaj08rqTh+aP/RHHotTcEJ1e4kov/JTYtIgXsIeM5KWCqLMAeMH18FMREPw2oVCFgs7CA==",
      "cpu": [
        "x64"
      ],
      "license": "Proprietary",
      "optional": true,
      "os": [
        "darwin"
      ],
      "engines": {
        "node": ">=20"
      }
    },
    "node_modules/@moss-dev/moss-core-linux-arm64-gnu": {
      "version": "0.10.0",
      "resolved": "https://registry.npmjs.org/@moss-dev/moss-core-linux-arm64-gnu/-/moss-core-linux-arm64-gnu-0.10.0.tgz",
      "integrity": "sha512-WEc6JZhVQDdcj81FudiH3PLavSRyBXEeL5vnMeaReOVw0V8P7dDhFn27n0BWQOecbs/zuwBJXrWf8XKmwW1XPg==",
      "cpu": [
        "arm64"
      ],
      "license": "Proprietary",
      "optional": true,
      "os": [
        "linux"
      ],
      "engines": {
        "node": ">=20"
      }
    },
    "node_modules/@moss-dev/moss-core-linux-x64-gnu": {
      "version": "0.10.0",
      "resolved": "https://registry.npmjs.org/@moss-dev/moss-core-linux-x64-gnu/-/moss-core-linux-x64-gnu-0.10.0.tgz",
      "integrity": "sha512-u1/anebVJPryphzGacc38DToDRl2nltMv9ElXtNLQ+uwEVjps6hhNa3/hvChp4BEIqysuWYd/PhpcMzxwbpppA==",
      "cpu": [
        "x64"
      ],
      "license": "Proprietary",
      "optional": true,
      "os": [
        "linux"
      ],
      "engines": {
        "node": ">=20"
      }
    },
    "node_modules/@moss-dev/moss-core-win32-x64-msvc": {
      "version": "0.10.0",
      "resolved": "https://registry.npmjs.org/@moss-dev/moss-core-win32-x64-msvc/-/moss-core-win32-x64-msvc-0.10.0.tgz",
      "integrity": "sha512-MLlRaX7B5XGP1OH64treKaUg3ZlXtdTxByzkLtI7qvO8VmuS6aLoSOOUHVpW9qTNfJrJCb8mAYfxCdSkBDaqVA==",
      "cpu": [
        "x64"
      ],
      "license": "Proprietary",
      "optional": true,
      "os": [
        "win32"
      ],
      "engines": {
        "node": ">=20"
      }
    }
  }
}
